
Microsoft Visual Studio Solution File, Format Version 12.00
# Visual Studio 2012
Project("{FAE04EC0-301F-11D3-BF4B-00C04F79EFBC}") = "ConverteToSrt", "ConverteToSrt\ConverteToSrt.csproj", "{14706A26-FC1D-4EE9-BC92-827CAA20B96C}"
EndProject
Global
	GlobalSection(SolutionConfigurationPlatforms) = preSolution
		Debug|Any CPU = Debug|Any CPU
		Release|Any CPU = Release|Any CPU
	EndGlobalSection
	GlobalSection(ProjectConfigurationPlatforms) = postSolution
		{14706A26-FC1D-4EE9-BC92-827CAA20B96C}.Debug|Any CPU.ActiveCfg = Debug|Any CPU
		{14706A26-FC1D-4EE9-BC92-827CAA20B96C}.Debug|Any CPU.Build.0 = Debug|Any CPU
		{14706A26-FC1D-4EE9-BC92-827CAA20B96C}.Release|Any CPU.ActiveCfg = Release|Any CPU
		{14706A26-FC1D-4EE9-BC92-827CAA20B96C}.Release|Any CPU.Build.0 = Release|Any CPU
	EndGlobalSection
	GlobalSection(SolutionProperties) = preSolution
		HideSolutionNode = FALSE
	EndGlobalSection
EndGlobal
